{
  "name": "tp-xplane",
  "version": "1.0.0",
  "lockfileVersion": 1,
  "requires": true,
  "dependencies": {
    "async": {
      "version": "3.2.0",
      "resolved": "https://registry.npmjs.org/async/-/async-3.2.0.tgz",
      "integrity": "sha512-TR2mEZFVOj2pLStYxLht7TyfuRzaydfpxr3k9RpHIzMgw7A64dzsdqCxH1WJyQdoe8T10nDXd9wnEigmiuHIZw=="
    },
    "base-64": {
      "version": "0.1.0",
      "resolved": "https://registry.npmjs.org/base-64/-/base-64-0.1.0.tgz",
      "integrity": "sha1-eAqZyE59YAJgNhURxId2E78k9rs="
    },
    "extplanejs": {
      "version": "0.1.4",
      "resolved": "https://registry.npmjs.org/extplanejs/-/extplanejs-0.1.4.tgz",
      "integrity": "sha512-sp8RH5yHwX7OcOLIOyPe/qV9azBAvD6wgVqCJ+XcObLhehjMnOl83Xvs7sYi72epkMWPglV2WnWstE+lNnqKDQ==",
      "requires": {
        "async": "^3.1.0",
        "base-64": "^0.1.0"
      }
    },
    "touchportal-api": {
      "version": "1.0.6",
      "resolved": "https://registry.npmjs.org/touchportal-api/-/touchportal-api-1.0.6.tgz",
      "integrity": "sha512-kwra4n4Ph1nBGdZZzV/33FIj9Tazw9i1L/LJFCjS0MOjt2U5UmyDrbOBOXluaSC6OomL89AXHozMYOy8du6Bng=="
    }
  }
}
